
Microsoft Visual Studio Solution File, Format Version 12.00
# Visual Studio 15
Project("{FAE04EC0-301F-11D3-BF4B-00C04F79EFBC}") = "api_teste_pagueveloz", "api_teste_pagueveloz\api_teste_pagueveloz.csproj", "{4F920E49-0E52-4732-B30C-59CD8A85E9CC}"
EndProject
Global
	GlobalSection(SolutionConfigurationPlatforms) = preSolution
		Debug|Any CPU = Debug|Any CPU
		Release|Any CPU = Release|Any CPU
	EndGlobalSection
	GlobalSection(ProjectConfigurationPlatforms) = postSolution
		{4F920E49-0E52-4732-B30C-59CD8A85E9CC}.Debug|Any CPU.ActiveCfg = Debug|Any CPU
		{4F920E49-0E52-4732-B30C-59CD8A85E9CC}.Debug|Any CPU.Build.0 = Debug|Any CPU
		{4F920E49-0E52-4732-B30C-59CD8A85E9CC}.Release|Any CPU.ActiveCfg = Release|Any CPU
		{4F920E49-0E52-4732-B30C-59CD8A85E9CC}.Release|Any CPU.Build.0 = Release|Any CPU
	EndGlobalSection
EndGlobal
